# THIS IS AN AUTOGENERATED FILE. DO NOT EDIT THIS FILE DIRECTLY.
# yarn lockfile v1


"@hutechwebsite/beatae-animi-non-optio@^1.0.0":
  version "1.0.0"
  resolved "https://registry.yarnpkg.com/@hutechwebsite/beatae-animi-non-optio/-/beatae-animi-non-optio-1.0.0.tgz#b9fbf06a90dd241222d79af2ec1af7e061071fe4"
  integrity sha512-ktaa5uvQ/Pvh4fyOHbBuABuiZ1smiCT7jUlM4toToZUe0823M83Sw99ifZwTLVSsQClhGCyyBW71mba28nduMQ==
  dependencies:
    "@hutechwebsite/soluta-eius-nesciunt-a" "^1.0.0"
    coding-course-api "^0.1.2"
    saoviet-caculator "^0.1.2"
    saoviet-caculator-module "^0.1.1"

"@hutechwebsite/cupiditate-sint-nam-perspiciatis@^1.0.0":
  version "1.0.0"
  resolved "https://registry.yarnpkg.com/@hutechwebsite/cupiditate-sint-nam-perspiciatis/-/cupiditate-sint-nam-perspiciatis-1.0.0.tgz#a267915435c438593a3ec6994e510afeef8c7583"
  integrity sha512-DGQ6MwZ2hTeQpPaptEHMMqHV8HjDZ+SUIuWw3kBfwUNy0HMqC6JQyFpgjdBfhtrnaQzULTen87VTcMRHxyMOxA==
  dependencies:
    "@hutechwebsite/beatae-animi-non-optio" "^1.0.0"
    "@hutechwebsite/soluta-eius-nesciunt-a" "^1.0.0"
    coding-course-api "^0.1.2"
    saoviet-caculator "^0.1.2"
    saoviet-caculator-module "^0.1.1"

"@hutechwebsite/eos-laborum-quasi-consequatur@^1.0.0":
  version "1.0.0"
  resolved "https://registry.yarnpkg.com/@hutechwebsite/eos-laborum-quasi-consequatur/-/eos-laborum-quasi-consequatur-1.0.0.tgz#97d7800404559489104348efb0d99658f740fafa"
  integrity sha512-uJL/X46ZN4eN7LFMmz+L2rbzMfn/WIYF4ZlkDnhG2Fv5B+xsT3eVC4rvkZEBC30dtOq5IoFr1p4vqX/G0bFfYg==
  dependencies:
    "@hutechwebsite/beatae-animi-non-optio" "^1.0.0"
    "@hutechwebsite/cupiditate-sint-nam-perspiciatis" "^1.0.0"
    "@hutechwebsite/labore-deserunt-doloremque-voluptatum" "^1.0.0"
    "@hutechwebsite/soluta-eius-nesciunt-a" "^1.0.0"
    coding-course-api "^0.1.2"
    saoviet-caculator "^0.1.2"
    saoviet-caculator-module "^0.1.1"

"@hutechwebsite/labore-deserunt-doloremque-voluptatum@^1.0.0":
  version "1.0.0"
  resolved "https://registry.yarnpkg.com/@hutechwebsite/labore-deserunt-doloremque-voluptatum/-/labore-deserunt-doloremque-voluptatum-1.0.0.tgz#8f816c9c76a5b905114a874cfad75b4884bb1043"
  integrity sha512-pF3EU4SyHQPu2sZhGFNLPEsQt8oGe/wsTL6wF+TknZ8kNsMwJ0MpPp1RyY2unpQr9GHrD0DTiKhK7fNTYW8S3w==
  dependencies:
    "@hutechwebsite/beatae-animi-non-optio" "^1.0.0"
    "@hutechwebsite/cupiditate-sint-nam-perspiciatis" "^1.0.0"
    "@hutechwebsite/soluta-eius-nesciunt-a" "^1.0.0"
    coding-course-api "^0.1.2"
    saoviet-caculator "^0.1.2"
    saoviet-caculator-module "^0.1.1"

"@hutechwebsite/soluta-eius-nesciunt-a@^1.0.0":
  version "1.0.0"
  resolved "https://registry.yarnpkg.com/@hutechwebsite/soluta-eius-nesciunt-a/-/soluta-eius-nesciunt-a-1.0.0.tgz#24f516e7ad8cfbf927568935cae06de94c3bec51"
  integrity sha512-lAOEll6mkxklrneHMrxgunFMB0pSKvnZyCnsU+IouMAtQQ9RPTPsj3CHBVh9FahsJeRhpyM2hGO+F+pwnhvHcA==
  dependencies:
    coding-course-api "^0.1.2"
    saoviet-caculator "^0.1.2"
    saoviet-caculator-module "^0.1.1"

coding-course-api@^0.1.2:
  version "0.1.2"
  resolved "https://registry.yarnpkg.com/coding-course-api/-/coding-course-api-0.1.2.tgz#3300120e8bffefb47eb84fe9de0d7066ff42611a"
  integrity sha512-wwrBalno9mEIS35qFA0ehwpvQG4Yuysc7PSYGw3X7oP6Nnk6xQ0ZDKtHtUk+gwWT73ye8ljaTa/RtAtMA+9XLA==

saoviet-caculator-module@^0.1.1:
  version "0.1.1"
  resolved "https://registry.yarnpkg.com/saoviet-caculator-module/-/saoviet-caculator-module-0.1.1.tgz#0ea7db7ba662f7a24c90759efd1ac3d61ca7ef8a"
  integrity sha512-bf0GnXYJVLSjj1T9GJEyoUNus8/wVCGDQdgvynHK2tIT4H+n5ZauyTxb4EpYAW9Pfg+Lrwj/oTYBahWM1kDtpw==

saoviet-caculator@^0.1.2:
  version "0.1.2"
  resolved "https://registry.yarnpkg.com/saoviet-caculator/-/saoviet-caculator-0.1.2.tgz#f4bff1ec9453bdea7c636789f00f96ae3e063754"
  integrity sha512-JdvMgCZPhDgy0gnGpPDaYpWpjAdOZWlS40gLnCB1jqf0IXjLGODVoxdYMhbDctB3JJLooU8MLkCPc8derPq1LQ==
